
Microsoft Visual Studio Solution File, Format Version 12.00
# Visual Studio Version 16
VisualStudioVersion = 25.0.1705.4
MinimumVisualStudioVersion = 10.0.40219.1
Project("{FAE04EC0-301F-11D3-BF4B-00C04F79EFBC}") = "LearnCiSharp", "LearnCiSharp.csproj", "{1DA21E04-72FA-4FBD-80F7-51C3129532CE}"
EndProject
Project("{2150E333-8FDC-42A3-9474-1A3956D46DE8}") = "Solution Items", "Solution Items", "{6A400606-BAF4-4A6B-A6B0-AA959C3F377D}"
	ProjectSection(SolutionItems) = preProject
		LearnCiSharp.sln = LearnCiSharp.sln
	EndProjectSection
EndProject
Global
	GlobalSection(SolutionConfigurationPlatforms) = preSolution
		Debug|Any CPU = Debug|Any CPU
		Release|Any CPU = Release|Any CPU
	EndGlobalSection
	GlobalSection(ProjectConfigurationPlatforms) = postSolution
		{1DA21E04-72FA-4FBD-80F7-51C3129532CE}.Debug|Any CPU.ActiveCfg = Debug|Any CPU
		{1DA21E04-72FA-4FBD-80F7-51C3129532CE}.Debug|Any CPU.Build.0 = Debug|Any CPU
		{1DA21E04-72FA-4FBD-80F7-51C3129532CE}.Release|Any CPU.ActiveCfg = Release|Any CPU
		{1DA21E04-72FA-4FBD-80F7-51C3129532CE}.Release|Any CPU.Build.0 = Release|Any CPU
	EndGlobalSection
	GlobalSection(SolutionProperties) = preSolution
		HideSolutionNode = FALSE
	EndGlobalSection
	GlobalSection(ExtensibilityGlobals) = postSolution
		SolutionGuid = {B63D27CE-900D-42C1-9E84-A98C4A7ED73E}
	EndGlobalSection
EndGlobal
